
Microsoft Visual Studio Solution File, Format Version 12.00
# Visual Studio Version 17
VisualStudioVersion = 17.7.34003.232
MinimumVisualStudioVersion = 10.0.40219.1
Project("{9A19103F-16F7-4668-BE54-9A1E7A4F7556}") = "Ecommerce.API.Produts", "Ecommerce.API.Produts\Ecommerce.API.Produts.csproj", "{5220253A-1EC6-48E9-808F-2BE3115BB1B8}"
EndProject
Project("{9A19103F-16F7-4668-BE54-9A1E7A4F7556}") = "ECommerce.API.Customers", "ECommerce.API.Customers\ECommerce.API.Customers.csproj", "{59F0304A-D054-4A51-A757-D8684F46F663}"
EndProject
Project("{9A19103F-16F7-4668-BE54-9A1E7A4F7556}") = "ECommerce.API.Orders", "ECommerce.API.Orders\ECommerce.API.Orders.csproj", "{9D77DB22-7809-4555-9723-0717DA3C4F2E}"
EndProject
Project("{9A19103F-16F7-4668-BE54-9A1E7A4F7556}") = "Ecommerce.API.Search", "Ecommerce.API.Search\Ecommerce.API.Search.csproj", "{AFFCF1B0-D64C-43E3-8951-07FC8455CA18}"
EndProject
Project("{FAE04EC0-301F-11D3-BF4B-00C04F79EFBC}") = "ECommerce.API.Tests", "ECommerce.API.Tests\ECommerce.API.Tests.csproj", "{587512DC-1BA9-42F1-B515-9E7711E533AC}"
EndProject
Project("{E53339B2-1760-4266-BCC7-CA923CBCF16C}") = "docker-compose", "docker-compose.dcproj", "{17261FF7-9E7A-4BEC-8C0A-0BF79AB0A7D4}"
EndProject
Global
	GlobalSection(SolutionConfigurationPlatforms) = preSolution
		Debug|Any CPU = Debug|Any CPU
		Release|Any CPU = Release|Any CPU
	EndGlobalSection
	GlobalSection(ProjectConfigurationPlatforms) = postSolution
		{5220253A-1EC6-48E9-808F-2BE3115BB1B8}.Debug|Any CPU.ActiveCfg = Debug|Any CPU
		{5220253A-1EC6-48E9-808F-2BE3115BB1B8}.Debug|Any CPU.Build.0 = Debug|Any CPU
		{5220253A-1EC6-48E9-808F-2BE3115BB1B8}.Release|Any CPU.ActiveCfg = Release|Any CPU
		{5220253A-1EC6-48E9-808F-2BE3115BB1B8}.Release|Any CPU.Build.0 = Release|Any CPU
		{59F0304A-D054-4A51-A757-D8684F46F663}.Debug|Any CPU.ActiveCfg = Debug|Any CPU
		{59F0304A-D054-4A51-A757-D8684F46F663}.Debug|Any CPU.Build.0 = Debug|Any CPU
		{59F0304A-D054-4A51-A757-D8684F46F663}.Release|Any CPU.ActiveCfg = Release|Any CPU
		{59F0304A-D054-4A51-A757-D8684F46F663}.Release|Any CPU.Build.0 = Release|Any CPU
		{9D77DB22-7809-4555-9723-0717DA3C4F2E}.Debug|Any CPU.ActiveCfg = Debug|Any CPU
		{9D77DB22-7809-4555-9723-0717DA3C4F2E}.Debug|Any CPU.Build.0 = Debug|Any CPU
		{9D77DB22-7809-4555-9723-0717DA3C4F2E}.Release|Any CPU.ActiveCfg = Release|Any CPU
		{9D77DB22-7809-4555-9723-0717DA3C4F2E}.Release|Any CPU.Build.0 = Release|Any CPU
		{AFFCF1B0-D64C-43E3-8951-07FC8455CA18}.Debug|Any CPU.ActiveCfg = Debug|Any CPU
		{AFFCF1B0-D64C-43E3-8951-07FC8455CA18}.Debug|Any CPU.Build.0 = Debug|Any CPU
		{AFFCF1B0-D64C-43E3-8951-07FC8455CA18}.Release|Any CPU.ActiveCfg = Release|Any CPU
		{AFFCF1B0-D64C-43E3-8951-07FC8455CA18}.Release|Any CPU.Build.0 = Release|Any CPU
		{587512DC-1BA9-42F1-B515-9E7711E533AC}.Debug|Any CPU.ActiveCfg = Debug|Any CPU
		{587512DC-1BA9-42F1-B515-9E7711E533AC}.Debug|Any CPU.Build.0 = Debug|Any CPU
		{587512DC-1BA9-42F1-B515-9E7711E533AC}.Release|Any CPU.ActiveCfg = Release|Any CPU
		{587512DC-1BA9-42F1-B515-9E7711E533AC}.Release|Any CPU.Build.0 = Release|Any CPU
		{17261FF7-9E7A-4BEC-8C0A-0BF79AB0A7D4}.Debug|Any CPU.ActiveCfg = Debug|Any CPU
		{17261FF7-9E7A-4BEC-8C0A-0BF79AB0A7D4}.Debug|Any CPU.Build.0 = Debug|Any CPU
		{17261FF7-9E7A-4BEC-8C0A-0BF79AB0A7D4}.Release|Any CPU.ActiveCfg = Release|Any CPU
		{17261FF7-9E7A-4BEC-8C0A-0BF79AB0A7D4}.Release|Any CPU.Build.0 = Release|Any CPU
	EndGlobalSection
	GlobalSection(SolutionProperties) = preSolution
		HideSolutionNode = FALSE
	EndGlobalSection
	GlobalSection(ExtensibilityGlobals) = postSolution
		SolutionGuid = {0A82BC8B-5ED6-4F1B-99E8-DBE5DDAEA295}
	EndGlobalSection
EndGlobal
